
Microsoft Visual Studio Solution File, Format Version 12.00
# Visual Studio 15
VisualStudioVersion = 15.0.28010.2048
MinimumVisualStudioVersion = 10.0.40219.1
Project("{9A19103F-16F7-4668-BE54-9A1E7A4F7556}") = "SchoolApp.Web", "Web\SchoolApp.Web\SchoolApp.Web.csproj", "{6E72E385-6FEA-436A-A38E-8FB92220EFF6}"
EndProject
Project("{2150E333-8FDC-42A3-9474-1A3956D46DE8}") = "Web", "Web", "{1A6D7C24-576F-4728-B078-EF5D04E4051A}"
EndProject
Project("{2150E333-8FDC-42A3-9474-1A3956D46DE8}") = "Data", "Data", "{D499B12A-4AC3-4AFE-A298-4E12A5AB5816}"
EndProject
Project("{9A19103F-16F7-4668-BE54-9A1E7A4F7556}") = "SchoolApp.Data", "Data\SchoolApp.Data\SchoolApp.Data.csproj", "{A99CDC5D-FBD3-49C5-87A8-DD7F3E767B39}"
EndProject
Project("{9A19103F-16F7-4668-BE54-9A1E7A4F7556}") = "SchoolApp.Data.Models", "Data\SchoolApp.Data.Models\SchoolApp.Data.Models.csproj", "{E78A3CEE-46D8-4EE5-987D-D97D90291DEA}"
EndProject
Project("{2150E333-8FDC-42A3-9474-1A3956D46DE8}") = "Tests", "Tests", "{88ED5F04-2CB9-419B-AA41-7F0774FB9E0E}"
EndProject
Project("{9A19103F-16F7-4668-BE54-9A1E7A4F7556}") = "Sandbox", "Tests\Sandbox\Sandbox.csproj", "{8D033EE9-B9AF-481B-B374-4F3FCB7044BD}"
EndProject
Project("{9A19103F-16F7-4668-BE54-9A1E7A4F7556}") = "SchoolApp.Data.Common", "SchoolApp.Data.Common\SchoolApp.Data.Common.csproj", "{6CA36703-F43E-40AD-9231-44D7398F6F25}"
EndProject
Project("{2150E333-8FDC-42A3-9474-1A3956D46DE8}") = "Services", "Services", "{BDB2ABEF-E0A4-4A96-A90E-27CCD025DAEC}"
EndProject
Project("{FAE04EC0-301F-11D3-BF4B-00C04F79EFBC}") = "SchoolApp.Services.DataServices", "SchoolApp.Services.DataServices\SchoolApp.Services.DataServices.csproj", "{E1E8DB88-F5FD-4885-A2FD-30B6779457BF}"
EndProject
Project("{FAE04EC0-301F-11D3-BF4B-00C04F79EFBC}") = "SchoolApp.Services.Models", "SchoolApp.Services.Models\SchoolApp.Services.Models.csproj", "{83EEF20E-0D00-43A0-80A9-DE71E41F1AF9}"
EndProject
Project("{FAE04EC0-301F-11D3-BF4B-00C04F79EFBC}") = "SchoolApp.Services.Mapping", "SchoolApp.Services.Mapping\SchoolApp.Services.Mapping.csproj", "{004FA4E7-0FE7-4A27-A135-072C8309825F}"
EndProject
Global
	GlobalSection(SolutionConfigurationPlatforms) = preSolution
		Debug|Any CPU = Debug|Any CPU
		Release|Any CPU = Release|Any CPU
	EndGlobalSection
	GlobalSection(ProjectConfigurationPlatforms) = postSolution
		{6E72E385-6FEA-436A-A38E-8FB92220EFF6}.Debug|Any CPU.ActiveCfg = Debug|Any CPU
		{6E72E385-6FEA-436A-A38E-8FB92220EFF6}.Debug|Any CPU.Build.0 = Debug|Any CPU
		{6E72E385-6FEA-436A-A38E-8FB92220EFF6}.Release|Any CPU.ActiveCfg = Release|Any CPU
		{6E72E385-6FEA-436A-A38E-8FB92220EFF6}.Release|Any CPU.Build.0 = Release|Any CPU
		{A99CDC5D-FBD3-49C5-87A8-DD7F3E767B39}.Debug|Any CPU.ActiveCfg = Debug|Any CPU
		{A99CDC5D-FBD3-49C5-87A8-DD7F3E767B39}.Debug|Any CPU.Build.0 = Debug|Any CPU
		{A99CDC5D-FBD3-49C5-87A8-DD7F3E767B39}.Release|Any CPU.ActiveCfg = Release|Any CPU
		{A99CDC5D-FBD3-49C5-87A8-DD7F3E767B39}.Release|Any CPU.Build.0 = Release|Any CPU
		{E78A3CEE-46D8-4EE5-987D-D97D90291DEA}.Debug|Any CPU.ActiveCfg = Debug|Any CPU
		{E78A3CEE-46D8-4EE5-987D-D97D90291DEA}.Debug|Any CPU.Build.0 = Debug|Any CPU
		{E78A3CEE-46D8-4EE5-987D-D97D90291DEA}.Release|Any CPU.ActiveCfg = Release|Any CPU
		{E78A3CEE-46D8-4EE5-987D-D97D90291DEA}.Release|Any CPU.Build.0 = Release|Any CPU
		{8D033EE9-B9AF-481B-B374-4F3FCB7044BD}.Debug|Any CPU.ActiveCfg = Debug|Any CPU
		{8D033EE9-B9AF-481B-B374-4F3FCB7044BD}.Debug|Any CPU.Build.0 = Debug|Any CPU
		{8D033EE9-B9AF-481B-B374-4F3FCB7044BD}.Release|Any CPU.ActiveCfg = Release|Any CPU
		{8D033EE9-B9AF-481B-B374-4F3FCB7044BD}.Release|Any CPU.Build.0 = Release|Any CPU
		{6CA36703-F43E-40AD-9231-44D7398F6F25}.Debug|Any CPU.ActiveCfg = Debug|Any CPU
		{6CA36703-F43E-40AD-9231-44D7398F6F25}.Debug|Any CPU.Build.0 = Debug|Any CPU
		{6CA36703-F43E-40AD-9231-44D7398F6F25}.Release|Any CPU.ActiveCfg = Release|Any CPU
		{6CA36703-F43E-40AD-9231-44D7398F6F25}.Release|Any CPU.Build.0 = Release|Any CPU
		{E1E8DB88-F5FD-4885-A2FD-30B6779457BF}.Debug|Any CPU.ActiveCfg = Debug|Any CPU
		{E1E8DB88-F5FD-4885-A2FD-30B6779457BF}.Debug|Any CPU.Build.0 = Debug|Any CPU
		{E1E8DB88-F5FD-4885-A2FD-30B6779457BF}.Release|Any CPU.ActiveCfg = Release|Any CPU
		{E1E8DB88-F5FD-4885-A2FD-30B6779457BF}.Release|Any CPU.Build.0 = Release|Any CPU
		{83EEF20E-0D00-43A0-80A9-DE71E41F1AF9}.Debug|Any CPU.ActiveCfg = Debug|Any CPU
		{83EEF20E-0D00-43A0-80A9-DE71E41F1AF9}.Debug|Any CPU.Build.0 = Debug|Any CPU
		{83EEF20E-0D00-43A0-80A9-DE71E41F1AF9}.Release|Any CPU.ActiveCfg = Release|Any CPU
		{83EEF20E-0D00-43A0-80A9-DE71E41F1AF9}.Release|Any CPU.Build.0 = Release|Any CPU
		{004FA4E7-0FE7-4A27-A135-072C8309825F}.Debug|Any CPU.ActiveCfg = Debug|Any CPU
		{004FA4E7-0FE7-4A27-A135-072C8309825F}.Debug|Any CPU.Build.0 = Debug|Any CPU
		{004FA4E7-0FE7-4A27-A135-072C8309825F}.Release|Any CPU.ActiveCfg = Release|Any CPU
		{004FA4E7-0FE7-4A27-A135-072C8309825F}.Release|Any CPU.Build.0 = Release|Any CPU
	EndGlobalSection
	GlobalSection(SolutionProperties) = preSolution
		HideSolutionNode = FALSE
	EndGlobalSection
	GlobalSection(NestedProjects) = preSolution
		{6E72E385-6FEA-436A-A38E-8FB92220EFF6} = {1A6D7C24-576F-4728-B078-EF5D04E4051A}
		{A99CDC5D-FBD3-49C5-87A8-DD7F3E767B39} = {D499B12A-4AC3-4AFE-A298-4E12A5AB5816}
		{E78A3CEE-46D8-4EE5-987D-D97D90291DEA} = {D499B12A-4AC3-4AFE-A298-4E12A5AB5816}
		{8D033EE9-B9AF-481B-B374-4F3FCB7044BD} = {88ED5F04-2CB9-419B-AA41-7F0774FB9E0E}
		{6CA36703-F43E-40AD-9231-44D7398F6F25} = {D499B12A-4AC3-4AFE-A298-4E12A5AB5816}
		{E1E8DB88-F5FD-4885-A2FD-30B6779457BF} = {BDB2ABEF-E0A4-4A96-A90E-27CCD025DAEC}
		{83EEF20E-0D00-43A0-80A9-DE71E41F1AF9} = {BDB2ABEF-E0A4-4A96-A90E-27CCD025DAEC}
		{004FA4E7-0FE7-4A27-A135-072C8309825F} = {BDB2ABEF-E0A4-4A96-A90E-27CCD025DAEC}
	EndGlobalSection
	GlobalSection(ExtensibilityGlobals) = postSolution
		SolutionGuid = {B5D87837-4C1D-4EFA-9DB0-89864E61EC42}
	EndGlobalSection
EndGlobal
